// !$*UTF8*$!
{
	archiveVersion = 1;
	classes = {
	};
	objectVersion = 50;
	objects = {

/* Begin PBXBuildFile section */
		F324068E238D635600E5BD7F /* Question.swift in Sources */ = {isa = PBXBuildFile; fileRef = F324068D238D635600E5BD7F /* Question.swift */; };
		F347E4C5239035E000E8AA69 /* Info.plist in Resources */ = {isa = PBXBuildFile; fileRef = F347E4C4239035E000E8AA69 /* Info.plist */; };
		F397D284238EDDE10013B7EF /* QuestionView.swift in Sources */ = {isa = PBXBuildFile; fileRef = F397D283238EDDE10013B7EF /* QuestionView.swift */; };
		F3DB3A59238B007F00030AAF /* AppDelegate.swift in Sources */ = {isa = PBXBuildFile; fileRef = F3DB3A58238B007F00030AAF /* AppDelegate.swift */; };
		F3DB3A5B238B007F00030AAF /* ViewController.swift in Sources */ = {isa = PBXBuildFile; fileRef = F3DB3A5A238B007F00030AAF /* ViewController.swift */; };
		F3DB3A5E238B007F00030AAF /* Main.storyboard in Resources */ = {isa = PBXBuildFile; fileRef = F3DB3A5C238B007F00030AAF /* Main.storyboard */; };
		F3DB3A60238B008100030AAF /* Assets.xcassets in Resources */ = {isa = PBXBuildFile; fileRef = F3DB3A5F238B008100030AAF /* Assets.xcassets */; };
		F3DB3A63238B008100030AAF /* LaunchScreen.storyboard in Resources */ = {isa = PBXBuildFile; fileRef = F3DB3A61238B008100030AAF /* LaunchScreen.storyboard */; };
		F3F245A623900E380086E79B /* Game.swift in Sources */ = {isa = PBXBuildFile; fileRef = F3F245A523900E380086E79B /* Game.swift */; };
		F3F245A823900E510086E79B /* QuestionManager.swift in Sources */ = {isa = PBXBuildFile; fileRef = F3F245A723900E510086E79B /* QuestionManager.swift */; };
/* End PBXBuildFile section */

/* Begin PBXFileReference section */
		F324068D238D635600E5BD7F /* Question.swift */ = {isa = PBXFileReference; lastKnownFileType = sourcecode.swift; path = Question.swift; sourceTree = "<group>"; };
		F347E4C4239035E000E8AA69 /* Info.plist */ = {isa = PBXFileReference; fileEncoding = 4; lastKnownFileType = text.plist.xml; name = Info.plist; path = OpenQuizz/Info.plist; sourceTree = SOURCE_ROOT; };
		F397D283238EDDE10013B7EF /* QuestionView.swift */ = {isa = PBXFileReference; lastKnownFileType = sourcecode.swift; path = QuestionView.swift; sourceTree = "<group>"; };
		F3DB3A55238B007F00030AAF /* OpenQuizz.app */ = {isa = PBXFileReference; explicitFileType = wrapper.application; includeInIndex = 0; path = OpenQuizz.app; sourceTree = BUILT_PRODUCTS_DIR; };
		F3DB3A58238B007F00030AAF /* AppDelegate.swift */ = {isa = PBXFileReference; lastKnownFileType = sourcecode.swift; path = AppDelegate.swift; sourceTree = "<group>"; };
		F3DB3A5A238B007F00030AAF /* ViewController.swift */ = {isa = PBXFileReference; lastKnownFileType = sourcecode.swift; path = ViewController.swift; sourceTree = "<group>"; };
		F3DB3A5D238B007F00030AAF /* Base */ = {isa = PBXFileReference; lastKnownFileType = file.storyboard; name = Base; path = Base.lproj/Main.storyboard; sourceTree = "<group>"; };
		F3DB3A5F238B008100030AAF /* Assets.xcassets */ = {isa = PBXFileReference; lastKnownFileType = folder.assetcatalog; path = Assets.xcassets; sourceTree = "<group>"; };
		F3DB3A62238B008100030AAF /* Base */ = {isa = PBXFileReference; lastKnownFileType = file.storyboard; name = Base; path = Base.lproj/LaunchScreen.storyboard; sourceTree = "<group>"; };
		F3DB3A70238B208500030AAF /* Balham.otf */ = {isa = PBXFileReference; lastKnownFileType = file; path = Balham.otf; sourceTree = "<group>"; };
		F3F245A523900E380086E79B /* Game.swift */ = {isa = PBXFileReference; fileEncoding = 4; lastKnownFileType = sourcecode.swift; path = Game.swift; sourceTree = "<group>"; };
		F3F245A723900E510086E79B /* QuestionManager.swift */ = {isa = PBXFileReference; fileEncoding = 4; lastKnownFileType = sourcecode.swift; path = QuestionManager.swift; sourceTree = "<group>"; };
/* End PBXFileReference section */

/* Begin PBXFrameworksBuildPhase section */
		F3DB3A52238B007F00030AAF /* Frameworks */ = {
			isa = PBXFrameworksBuildPhase;
			buildActionMask = 2147483647;
			files = (
			);
			runOnlyForDeploymentPostprocessing = 0;
		};
/* End PBXFrameworksBuildPhase section */

/* Begin PBXGroup section */
		F3DB3A4C238B007F00030AAF = {
			isa = PBXGroup;
			children = (
				F3DB3A57238B007F00030AAF /* OpenQuizz */,
				F3DB3A56238B007F00030AAF /* Products */,
			);
			sourceTree = "<group>";
		};
		F3DB3A56238B007F00030AAF /* Products */ = {
			isa = PBXGroup;
			children = (
				F3DB3A55238B007F00030AAF /* OpenQuizz.app */,
			);
			name = Products;
			sourceTree = "<group>";
		};
		F3DB3A57238B007F00030AAF /* OpenQuizz */ = {
			isa = PBXGroup;
			children = (
				F3DB3A6F238B206100030AAF /* Supporting files */,
				F3DB3A6C238B203600030AAF /* Model */,
				F3DB3A6D238B204600030AAF /* View */,
				F3DB3A6E238B205A00030AAF /* Controller */,
			);
			path = OpenQuizz;
			sourceTree = "<group>";
		};
		F3DB3A6C238B203600030AAF /* Model */ = {
			isa = PBXGroup;
			children = (
				F324068D238D635600E5BD7F /* Question.swift */,
				F3F245A523900E380086E79B /* Game.swift */,
				F3F245A723900E510086E79B /* QuestionManager.swift */,
			);
			path = Model;
			sourceTree = "<group>";
		};
		F3DB3A6D238B204600030AAF /* View */ = {
			isa = PBXGroup;
			children = (
				F3DB3A5C238B007F00030AAF /* Main.storyboard */,
				F397D283238EDDE10013B7EF /* QuestionView.swift */,
			);
			path = View;
			sourceTree = "<group>";
		};
		F3DB3A6E238B205A00030AAF /* Controller */ = {
			isa = PBXGroup;
			children = (
				F3DB3A5A238B007F00030AAF /* ViewController.swift */,
			);
			path = Controller;
			sourceTree = "<group>";
		};
		F3DB3A6F238B206100030AAF /* Supporting files */ = {
			isa = PBXGroup;
			children = (
				F3DB3A58238B007F00030AAF /* AppDelegate.swift */,
				F3DB3A61238B008100030AAF /* LaunchScreen.storyboard */,
				F3DB3A5F238B008100030AAF /* Assets.xcassets */,
				F3DB3A70238B208500030AAF /* Balham.otf */,
				F347E4C4239035E000E8AA69 /* Info.plist */,
			);
			path = "Supporting files";
			sourceTree = "<group>";
		};
/* End PBXGroup section */

/* Begin PBXNativeTarget section */
		F3DB3A54238B007F00030AAF /* OpenQuizz */ = {
			isa = PBXNativeTarget;
			buildConfigurationList = F3DB3A67238B008100030AAF /* Build configuration list for PBXNativeTarget "OpenQuizz" */;
			buildPhases = (
				F3DB3A51238B007F00030AAF /* Sources */,
				F3DB3A52238B007F00030AAF /* Frameworks */,
				F3DB3A53238B007F00030AAF /* Resources */,
			);
			buildRules = (
			);
			dependencies = (
			);
			name = OpenQuizz;
			productName = OpenQuizz;
			productReference = F3DB3A55238B007F00030AAF /* OpenQuizz.app */;
			productType = "com.apple.product-type.application";
		};
/* End PBXNativeTarget section */

/* Begin PBXProject section */
		F3DB3A4D238B007F00030AAF /* Project object */ = {
			isa = PBXProject;
			attributes = {
				LastSwiftUpdateCheck = 1030;
				LastUpgradeCheck = 1030;
				ORGANIZATIONNAME = "SAKA Ridvan";
				TargetAttributes = {
					F3DB3A54238B007F00030AAF = {
						CreatedOnToolsVersion = 10.3;
					};
				};
			};
			buildConfigurationList = F3DB3A50238B007F00030AAF /* Build configuration list for PBXProject "OpenQuizz" */;
			compatibilityVersion = "Xcode 9.3";
			developmentRegion = en;
			hasScannedForEncodings = 0;
			knownRegions = (
				en,
				Base,
			);
			mainGroup = F3DB3A4C238B007F00030AAF;
			productRefGroup = F3DB3A56238B007F00030AAF /* Products */;
			projectDirPath = "";
			projectRoot = "";
			targets = (
				F3DB3A54238B007F00030AAF /* OpenQuizz */,
			);
		};
/* End PBXProject section */

/* Begin PBXResourcesBuildPhase section */
		F3DB3A53238B007F00030AAF /* Resources */ = {
			isa = PBXResourcesBuildPhase;
			buildActionMask = 2147483647;
			files = (
				F347E4C5239035E000E8AA69 /* Info.plist in Resources */,
				F3DB3A63238B008100030AAF /* LaunchScreen.storyboard in Resources */,
				F3DB3A60238B008100030AAF /* Assets.xcassets in Resources */,
				F3DB3A5E238B007F00030AAF /* Main.storyboard in Resources */,
			);
			runOnlyForDeploymentPostprocessing = 0;
		};
/* End PBXResourcesBuildPhase section */

/* Begin PBXSourcesBuildPhase section */
		F3DB3A51238B007F00030AAF /* Sources */ = {
			isa = PBXSourcesBuildPhase;
			buildActionMask = 2147483647;
			files = (
				F324068E238D635600E5BD7F /* Question.swift in Sources */,
				F3F245A823900E510086E79B /* QuestionManager.swift in Sources */,
				F3F245A623900E380086E79B /* Game.swift in Sources */,
				F3DB3A5B238B007F00030AAF /* ViewController.swift in Sources */,
				F3DB3A59238B007F00030AAF /* AppDelegate.swift in Sources */,
				F397D284238EDDE10013B7EF /* QuestionView.swift in Sources */,
			);
			runOnlyForDeploymentPostprocessing = 0;
		};
/* End PBXSourcesBuildPhase section */

/* Begin PBXVariantGroup section */
		F3DB3A5C238B007F00030AAF /* Main.storyboard */ = {
			isa = PBXVariantGroup;
			children = (
				F3DB3A5D238B007F00030AAF /* Base */,
			);
			name = Main.storyboard;
			sourceTree = "<group>";
		};
		F3DB3A61238B008100030AAF /* LaunchScreen.storyboard */ = {
			isa = PBXVariantGroup;
			children = (
				F3DB3A62238B008100030AAF /* Base */,
			);
			name = LaunchScreen.storyboard;
			sourceTree = "<group>";
		};
/* End PBXVariantGroup section */

/* Begin XCBuildConfiguration section */
		F3DB3A65238B008100030AAF /* Debug */ = {
			isa = XCBuildConfiguration;
			buildSettings = {
				ALWAYS_SEARCH_USER_PATHS = NO;
				CLANG_ANALYZER_NONNULL = YES;
				CLANG_ANALYZER_NUMBER_OBJECT_CONVERSION = YES_AGGRESSIVE;
				CLANG_CXX_LANGUAGE_STANDARD = "gnu++14";
				CLANG_CXX_LIBRARY = "libc++";
				CLANG_ENABLE_MODULES = YES;
				CLANG_ENABLE_OBJC_ARC = YES;
				CLANG_ENABLE_OBJC_WEAK = YES;
				CLANG_WARN_BLOCK_CAPTURE_AUTORELEASING = YES;
				CLANG_WARN_BOOL_CONVERSION = YES;
				CLANG_WARN_COMMA = YES;
				CLANG_WARN_CONSTANT_CONVERSION = YES;
				CLANG_WARN_DEPRECATED_OBJC_IMPLEMENTATIONS = YES;
				CLANG_WARN_DIRECT_OBJC_ISA_USAGE = YES_ERROR;
				CLANG_WARN_DOCUMENTATION_COMMENTS = YES;
				CLANG_WARN_EMPTY_BODY = YES;
				CLANG_WARN_ENUM_CONVERSION = YES;
				CLANG_WARN_INFINITE_RECURSION = YES;
				CLANG_WARN_INT_CONVERSION = YES;
				CLANG_WARN_NON_LITERAL_NULL_CONVERSION = YES;
				CLANG_WARN_OBJC_IMPLICIT_RETAIN_SELF = YES;
				CLANG_WARN_OBJC_LITERAL_CONVERSION = YES;
				CLANG_WARN_OBJC_ROOT_CLASS = YES_ERROR;
				CLANG_WARN_RANGE_LOOP_ANALYSIS = YES;
				CLANG_WARN_STRICT_PROTOTYPES = YES;
				CLANG_WARN_SUSPICIOUS_MOVE = YES;
				CLANG_WARN_UNGUARDED_AVAILABILITY = YES_AGGRESSIVE;
				CLANG_WARN_UNREACHABLE_CODE = YES;
				CLANG_WARN__DUPLICATE_METHOD_MATCH = YES;
				CODE_SIGN_IDENTITY = "iPhone Developer";
				COPY_PHASE_STRIP = NO;
				DEBUG_INFORMATION_FORMAT = dwarf;
				ENABLE_STRICT_OBJC_MSGSEND = YES;
				ENABLE_TESTABILITY = YES;
				GCC_C_LANGUAGE_STANDARD = gnu11;
				GCC_DYNAMIC_NO_PIC = NO;
				GCC_NO_COMMON_BLOCKS = YES;
				GCC_OPTIMIZATION_LEVEL = 0;
				GCC_PREPROCESSOR_DEFINITIONS = (
					"DEBUG=1",
					"$(inherited)",
				);
				GCC_WARN_64_TO_32_BIT_CONVERSION = YES;
				GCC_WARN_ABOUT_RETURN_TYPE = YES_ERROR;
				GCC_WARN_UNDECLARED_SELECTOR = YES;
				GCC_WARN_UNINITIALIZED_AUTOS = YES_AGGRESSIVE;
				GCC_WARN_UNUSED_FUNCTION = YES;
				GCC_WARN_UNUSED_VARIABLE = YES;
				IPHONEOS_DEPLOYMENT_TARGET = 12.4;
				MTL_ENABLE_DEBUG_INFO = INCLUDE_SOURCE;
				MTL_FAST_MATH = YES;
				ONLY_ACTIVE_ARCH = YES;
				SDKROOT = iphoneos;
				SWIFT_ACTIVE_COMPILATION_CONDITIONS = DEBUG;
				SWIFT_OPTIMIZATION_LEVEL = "-Onone";
			};
			name = Debug;
		};
		F3DB3A66238B008100030AAF /* Release */ = {
			isa = XCBuildConfiguration;
			buildSettings = {
				ALWAYS_SEARCH_USER_PATHS = NO;
				CLANG_ANALYZER_NONNULL = YES;
				CLANG_ANALYZER_NUMBER_OBJECT_CONVERSION = YES_AGGRESSIVE;
				CLANG_CXX_LANGUAGE_STANDARD = "gnu++14";
				CLANG_CXX_LIBRARY = "libc++";
				CLANG_ENABLE_MODULES = YES;
				CLANG_ENABLE_OBJC_ARC = YES;
				CLANG_ENABLE_OBJC_WEAK = YES;
				CLANG_WARN_BLOCK_CAPTURE_AUTORELEASING = YES;
				CLANG_WARN_BOOL_CONVERSION = YES;
				CLANG_WARN_COMMA = YES;
				CLANG_WARN_CONSTANT_CONVERSION = YES;
				CLANG_WARN_DEPRECATED_OBJC_IMPLEMENTATIONS = YES;
				CLANG_WARN_DIRECT_OBJC_ISA_USAGE = YES_ERROR;
				CLANG_WARN_DOCUMENTATION_COMMENTS = YES;
				CLANG_WARN_EMPTY_BODY = YES;
				CLANG_WARN_ENUM_CONVERSION = YES;
				CLANG_WARN_INFINITE_RECURSION = YES;
				CLANG_WARN_INT_CONVERSION = YES;
				CLANG_WARN_NON_LITERAL_NULL_CONVERSION = YES;
				CLANG_WARN_OBJC_IMPLICIT_RETAIN_SELF = YES;
				CLANG_WARN_OBJC_LITERAL_CONVERSION = YES;
				CLANG_WARN_OBJC_ROOT_CLASS = YES_ERROR;
				CLANG_WARN_RANGE_LOOP_ANALYSIS = YES;
				CLANG_WARN_STRICT_PROTOTYPES = YES;
				CLANG_WARN_SUSPICIOUS_MOVE = YES;
				CLANG_WARN_UNGUARDED_AVAILABILITY = YES_AGGRESSIVE;
				CLANG_WARN_UNREACHABLE_CODE = YES;
				CLANG_WARN__DUPLICATE_METHOD_MATCH = YES;
				CODE_SIGN_IDENTITY = "iPhone Developer";
				COPY_PHASE_STRIP = NO;
				DEBUG_INFORMATION_FORMAT = "dwarf-with-dsym";
				ENABLE_NS_ASSERTIONS = NO;
				ENABLE_STRICT_OBJC_MSGSEND = YES;
				GCC_C_LANGUAGE_STANDARD = gnu11;
				GCC_NO_COMMON_BLOCKS = YES;
				GCC_WARN_64_TO_32_BIT_CONVERSION = YES;
				GCC_WARN_ABOUT_RETURN_TYPE = YES_ERROR;
				GCC_WARN_UNDECLARED_SELECTOR = YES;
				GCC_WARN_UNINITIALIZED_AUTOS = YES_AGGRESSIVE;
				GCC_WARN_UNUSED_FUNCTION = YES;
				GCC_WARN_UNUSED_VARIABLE = YES;
				IPHONEOS_DEPLOYMENT_TARGET = 12.4;
				MTL_ENABLE_DEBUG_INFO = NO;
				MTL_FAST_MATH = YES;
				SDKROOT = iphoneos;
				SWIFT_COMPILATION_MODE = wholemodule;
				SWIFT_OPTIMIZATION_LEVEL = "-O";
				VALIDATE_PRODUCT = YES;
			};
			name = Release;
		};
		F3DB3A68238B008100030AAF /* Debug */ = {
			isa = XCBuildConfiguration;
			buildSettings = {
				ASSETCATALOG_COMPILER_APPICON_NAME = AppIcon;
				CODE_SIGN_STYLE = Automatic;
				INFOPLIST_FILE = OpenQuizz/Info.plist;
				LD_RUNPATH_SEARCH_PATHS = (
					"$(inherited)",
					"@executable_path/Frameworks",
				);
				PRODUCT_BUNDLE_IDENTIFIER = com.ridvan.saka.OpenQuizz;
				PRODUCT_NAME = "$(TARGET_NAME)";
				SWIFT_VERSION = 5.0;
				TARGETED_DEVICE_FAMILY = "1,2";
			};
			name = Debug;
		};
		F3DB3A69238B008100030AAF /* Release */ = {
			isa = XCBuildConfiguration;
			buildSettings = {
				ASSETCATALOG_COMPILER_APPICON_NAME = AppIcon;
				CODE_SIGN_STYLE = Automatic;
				INFOPLIST_FILE = OpenQuizz/Info.plist;
				LD_RUNPATH_SEARCH_PATHS = (
					"$(inherited)",
					"@executable_path/Frameworks",
				);
				PRODUCT_BUNDLE_IDENTIFIER = com.ridvan.saka.OpenQuizz;
				PRODUCT_NAME = "$(TARGET_NAME)";
				SWIFT_VERSION = 5.0;
				TARGETED_DEVICE_FAMILY = "1,2";
			};
			name = Release;
		};
/* End XCBuildConfiguration section */

/* Begin XCConfigurationList section */
		F3DB3A50238B007F00030AAF /* Build configuration list for PBXProject "OpenQuizz" */ = {
			isa = XCConfigurationList;
			buildConfigurations = (
				F3DB3A65238B008100030AAF /* Debug */,
				F3DB3A66238B008100030AAF /* Release */,
			);
			defaultConfigurationIsVisible = 0;
			defaultConfigurationName = Release;
		};
		F3DB3A67238B008100030AAF /* Build configuration list for PBXNativeTarget "OpenQuizz" */ = {
			isa = XCConfigurationList;
			buildConfigurations = (
				F3DB3A68238B008100030AAF /* Debug */,
				F3DB3A69238B008100030AAF /* Release */,
			);
			defaultConfigurationIsVisible = 0;
			defaultConfigurationName = Release;
		};
/* End XCConfigurationList section */
	};
	rootObject = F3DB3A4D238B007F00030AAF /* Project object */;
}
